// !$*UTF8*$!
{
	archiveVersion = 1;
	classes = {
	};
	objectVersion = 56;
	objects = {

/* Begin PBXBuildFile section */
		7318DA982C8F710D004F262A /* UpdateCheck.swift in Sources */ = {isa = PBXBuildFile; fileRef = 7318DA972C8F710D004F262A /* UpdateCheck.swift */; };
		732889762CBCABBB00234AA2 /* ADA_PF_Helper_Script.sh in CopyFiles */ = {isa = PBXBuildFile; fileRef = 735DA8122CB8C2E3000F9D71 /* ADA_PF_Helper_Script.sh */; settings = {ATTRIBUTES = (CodeSignOnCopy, ); }; };
		7328CDA52C8BA87B0042A517 /* com.ttinc.Air-Drop-Assistant.plist in Resources */ = {isa = PBXBuildFile; fileRef = 7328CDA42C8BA87B0042A517 /* com.ttinc.Air-Drop-Assistant.plist */; };
		7328CDA72C8BA9160042A517 /* com.ttinc.Air-Drop-Assistant.plist in CopyFiles */ = {isa = PBXBuildFile; fileRef = 7328CDA42C8BA87B0042A517 /* com.ttinc.Air-Drop-Assistant.plist */; settings = {ATTRIBUTES = (CodeSignOnCopy, ); }; };
		736C80F92C70302200E5E780 /* PrefWatcher.swift in Sources */ = {isa = PBXBuildFile; fileRef = 736C80F82C70302200E5E780 /* PrefWatcher.swift */; };
		736C80FE2C70EC6800E5E780 /* PreferencesWindow.swift in Sources */ = {isa = PBXBuildFile; fileRef = 736C80FD2C70EC6800E5E780 /* PreferencesWindow.swift */; };
		736C81002C70EC9E00E5E780 /* PreferencesViewController.swift in Sources */ = {isa = PBXBuildFile; fileRef = 736C80FF2C70EC9E00E5E780 /* PreferencesViewController.swift */; };
		73B614B92CF77F5500C3A14F /* PreferenceObserver.swift in Sources */ = {isa = PBXBuildFile; fileRef = 73B614B82CF77F5500C3A14F /* PreferenceObserver.swift */; };
		73B6ABB62DDC16150028024F /* Logger.swift in Sources */ = {isa = PBXBuildFile; fileRef = 73B6ABB52DDC16150028024F /* Logger.swift */; };
		73FFDCFB2C70210B00244D57 /* AppDelegate.swift in Sources */ = {isa = PBXBuildFile; fileRef = 73FFDCFA2C70210B00244D57 /* AppDelegate.swift */; };
		73FFDCFF2C70210C00244D57 /* Assets.xcassets in Resources */ = {isa = PBXBuildFile; fileRef = 73FFDCFE2C70210C00244D57 /* Assets.xcassets */; };
		73FFDD022C70210C00244D57 /* Base in Resources */ = {isa = PBXBuildFile; fileRef = 73FFDD012C70210C00244D57 /* Base */; };
/* End PBXBuildFile section */

/* Begin PBXCopyFilesBuildPhase section */
		732889752CBCAB9700234AA2 /* CopyFiles */ = {
			isa = PBXCopyFilesBuildPhase;
			buildActionMask = 12;
			dstPath = "Air Drop Assistant.app/Contents/Resources";
			dstSubfolderSpec = 16;
			files = (
				732889762CBCABBB00234AA2 /* ADA_PF_Helper_Script.sh in CopyFiles */,
			);
			runOnlyForDeploymentPostprocessing = 0;
		};
		7328CDA62C8BA8FD0042A517 /* CopyFiles */ = {
			isa = PBXCopyFilesBuildPhase;
			buildActionMask = 2147483647;
			dstPath = "Air Drop Assistant.app/Contents/Library/LaunchAgents";
			dstSubfolderSpec = 16;
			files = (
				7328CDA72C8BA9160042A517 /* com.ttinc.Air-Drop-Assistant.plist in CopyFiles */,
			);
			runOnlyForDeploymentPostprocessing = 0;
		};
/* End PBXCopyFilesBuildPhase section */

/* Begin PBXFileReference section */
		7318DA972C8F710D004F262A /* UpdateCheck.swift */ = {isa = PBXFileReference; lastKnownFileType = sourcecode.swift; path = UpdateCheck.swift; sourceTree = "<group>"; };
		7328CDA42C8BA87B0042A517 /* com.ttinc.Air-Drop-Assistant.plist */ = {isa = PBXFileReference; lastKnownFileType = text.plist; path = "com.ttinc.Air-Drop-Assistant.plist"; sourceTree = "<group>"; };
		735DA8122CB8C2E3000F9D71 /* ADA_PF_Helper_Script.sh */ = {isa = PBXFileReference; lastKnownFileType = text.script.sh; path = ADA_PF_Helper_Script.sh; sourceTree = "<group>"; };
		736C80F82C70302200E5E780 /* PrefWatcher.swift */ = {isa = PBXFileReference; lastKnownFileType = sourcecode.swift; path = PrefWatcher.swift; sourceTree = "<group>"; };
		736C80FD2C70EC6800E5E780 /* PreferencesWindow.swift */ = {isa = PBXFileReference; lastKnownFileType = sourcecode.swift; path = PreferencesWindow.swift; sourceTree = "<group>"; };
		736C80FF2C70EC9E00E5E780 /* PreferencesViewController.swift */ = {isa = PBXFileReference; lastKnownFileType = sourcecode.swift; path = PreferencesViewController.swift; sourceTree = "<group>"; };
		737B8A342C8BE5D1006A4653 /* Air-Drop-Assistant-Info.plist */ = {isa = PBXFileReference; lastKnownFileType = text.plist; path = "Air-Drop-Assistant-Info.plist"; sourceTree = SOURCE_ROOT; };
		73B614B82CF77F5500C3A14F /* PreferenceObserver.swift */ = {isa = PBXFileReference; lastKnownFileType = sourcecode.swift; path = PreferenceObserver.swift; sourceTree = "<group>"; };
		73B6ABB52DDC16150028024F /* Logger.swift */ = {isa = PBXFileReference; lastKnownFileType = sourcecode.swift; path = Logger.swift; sourceTree = "<group>"; };
		73FFDCF72C70210B00244D57 /* Air Drop Assistant.app */ = {isa = PBXFileReference; explicitFileType = wrapper.application; includeInIndex = 0; path = "Air Drop Assistant.app"; sourceTree = BUILT_PRODUCTS_DIR; };
		73FFDCFA2C70210B00244D57 /* AppDelegate.swift */ = {isa = PBXFileReference; lastKnownFileType = sourcecode.swift; path = AppDelegate.swift; sourceTree = "<group>"; };
		73FFDCFE2C70210C00244D57 /* Assets.xcassets */ = {isa = PBXFileReference; lastKnownFileType = folder.assetcatalog; path = Assets.xcassets; sourceTree = "<group>"; };
		73FFDD012C70210C00244D57 /* Base */ = {isa = PBXFileReference; lastKnownFileType = file.storyboard; name = Base; path = Base.lproj/Main.storyboard; sourceTree = "<group>"; };
		73FFDD032C70210C00244D57 /* Air_Drop_Assistant.entitlements */ = {isa = PBXFileReference; lastKnownFileType = text.plist.entitlements; path = Air_Drop_Assistant.entitlements; sourceTree = "<group>"; };
/* End PBXFileReference section */

/* Begin PBXFrameworksBuildPhase section */
		73FFDCF42C70210B00244D57 /* Frameworks */ = {
			isa = PBXFrameworksBuildPhase;
			buildActionMask = 2147483647;
			files = (
			);
			runOnlyForDeploymentPostprocessing = 0;
		};
/* End PBXFrameworksBuildPhase section */

/* Begin PBXGroup section */
		73FFDCEE2C70210B00244D57 = {
			isa = PBXGroup;
			children = (
				73FFDCF92C70210B00244D57 /* Air Drop Assistant */,
				73FFDCF82C70210B00244D57 /* Products */,
			);
			sourceTree = "<group>";
		};
		73FFDCF82C70210B00244D57 /* Products */ = {
			isa = PBXGroup;
			children = (
				73FFDCF72C70210B00244D57 /* Air Drop Assistant.app */,
			);
			name = Products;
			sourceTree = "<group>";
		};
		73FFDCF92C70210B00244D57 /* Air Drop Assistant */ = {
			isa = PBXGroup;
			children = (
				7318DA972C8F710D004F262A /* UpdateCheck.swift */,
				737B8A342C8BE5D1006A4653 /* Air-Drop-Assistant-Info.plist */,
				736C80FD2C70EC6800E5E780 /* PreferencesWindow.swift */,
				73FFDCFA2C70210B00244D57 /* AppDelegate.swift */,
				736C80F82C70302200E5E780 /* PrefWatcher.swift */,
				73B6ABB52DDC16150028024F /* Logger.swift */,
				73B614B82CF77F5500C3A14F /* PreferenceObserver.swift */,
				736C80FF2C70EC9E00E5E780 /* PreferencesViewController.swift */,
				7328CDA42C8BA87B0042A517 /* com.ttinc.Air-Drop-Assistant.plist */,
				73FFDCFE2C70210C00244D57 /* Assets.xcassets */,
				73FFDD002C70210C00244D57 /* Main.storyboard */,
				73FFDD032C70210C00244D57 /* Air_Drop_Assistant.entitlements */,
				735DA8122CB8C2E3000F9D71 /* ADA_PF_Helper_Script.sh */,
			);
			path = "Air Drop Assistant";
			sourceTree = "<group>";
		};
/* End PBXGroup section */

/* Begin PBXNativeTarget section */
		73FFDCF62C70210B00244D57 /* Air Drop Assistant */ = {
			isa = PBXNativeTarget;
			buildConfigurationList = 73FFDD062C70210C00244D57 /* Build configuration list for PBXNativeTarget "Air Drop Assistant" */;
			buildPhases = (
				73FFDCF32C70210B00244D57 /* Sources */,
				73FFDCF42C70210B00244D57 /* Frameworks */,
				73FFDCF52C70210B00244D57 /* Resources */,
				7328CDA62C8BA8FD0042A517 /* CopyFiles */,
				732889752CBCAB9700234AA2 /* CopyFiles */,
			);
			buildRules = (
			);
			dependencies = (
			);
			name = "Air Drop Assistant";
			productName = "Air Drop Assistant";
			productReference = 73FFDCF72C70210B00244D57 /* Air Drop Assistant.app */;
			productType = "com.apple.product-type.application";
		};
/* End PBXNativeTarget section */

/* Begin PBXProject section */
		73FFDCEF2C70210B00244D57 /* Project object */ = {
			isa = PBXProject;
			attributes = {
				BuildIndependentTargetsInParallel = 1;
				LastSwiftUpdateCheck = 1540;
				LastUpgradeCheck = 1540;
				TargetAttributes = {
					73FFDCF62C70210B00244D57 = {
						CreatedOnToolsVersion = 15.4;
					};
				};
			};
			buildConfigurationList = 73FFDCF22C70210B00244D57 /* Build configuration list for PBXProject "Air Drop Assistant" */;
			compatibilityVersion = "Xcode 14.0";
			developmentRegion = en;
			hasScannedForEncodings = 0;
			knownRegions = (
				en,
				Base,
			);
			mainGroup = 73FFDCEE2C70210B00244D57;
			productRefGroup = 73FFDCF82C70210B00244D57 /* Products */;
			projectDirPath = "";
			projectRoot = "";
			targets = (
				73FFDCF62C70210B00244D57 /* Air Drop Assistant */,
			);
		};
/* End PBXProject section */

/* Begin PBXResourcesBuildPhase section */
		73FFDCF52C70210B00244D57 /* Resources */ = {
			isa = PBXResourcesBuildPhase;
			buildActionMask = 2147483647;
			files = (
				7328CDA52C8BA87B0042A517 /* com.ttinc.Air-Drop-Assistant.plist in Resources */,
				73FFDCFF2C70210C00244D57 /* Assets.xcassets in Resources */,
				73FFDD022C70210C00244D57 /* Base in Resources */,
			);
			runOnlyForDeploymentPostprocessing = 0;
		};
/* End PBXResourcesBuildPhase section */

/* Begin PBXSourcesBuildPhase section */
		73FFDCF32C70210B00244D57 /* Sources */ = {
			isa = PBXSourcesBuildPhase;
			buildActionMask = 2147483647;
			files = (
				736C81002C70EC9E00E5E780 /* PreferencesViewController.swift in Sources */,
				73B614B92CF77F5500C3A14F /* PreferenceObserver.swift in Sources */,
				736C80FE2C70EC6800E5E780 /* PreferencesWindow.swift in Sources */,
				73FFDCFB2C70210B00244D57 /* AppDelegate.swift in Sources */,
				736C80F92C70302200E5E780 /* PrefWatcher.swift in Sources */,
				7318DA982C8F710D004F262A /* UpdateCheck.swift in Sources */,
				73B6ABB62DDC16150028024F /* Logger.swift in Sources */,
			);
			runOnlyForDeploymentPostprocessing = 0;
		};
/* End PBXSourcesBuildPhase section */

/* Begin PBXVariantGroup section */
		73FFDD002C70210C00244D57 /* Main.storyboard */ = {
			isa = PBXVariantGroup;
			children = (
				73FFDD012C70210C00244D57 /* Base */,
			);
			name = Main.storyboard;
			sourceTree = "<group>";
		};
/* End PBXVariantGroup section */

/* Begin XCBuildConfiguration section */
		73FFDD042C70210C00244D57 /* Debug */ = {
			isa = XCBuildConfiguration;
			buildSettings = {
				ALWAYS_SEARCH_USER_PATHS = NO;
				ASSETCATALOG_COMPILER_GENERATE_SWIFT_ASSET_SYMBOL_EXTENSIONS = YES;
				CLANG_ANALYZER_NONNULL = YES;
				CLANG_ANALYZER_NUMBER_OBJECT_CONVERSION = YES_AGGRESSIVE;
				CLANG_CXX_LANGUAGE_STANDARD = "gnu++20";
				CLANG_ENABLE_MODULES = YES;
				CLANG_ENABLE_OBJC_ARC = YES;
				CLANG_ENABLE_OBJC_WEAK = YES;
				CLANG_WARN_BLOCK_CAPTURE_AUTORELEASING = YES;
				CLANG_WARN_BOOL_CONVERSION = YES;
				CLANG_WARN_COMMA = YES;
				CLANG_WARN_CONSTANT_CONVERSION = YES;
				CLANG_WARN_DEPRECATED_OBJC_IMPLEMENTATIONS = YES;
				CLANG_WARN_DIRECT_OBJC_ISA_USAGE = YES_ERROR;
				CLANG_WARN_DOCUMENTATION_COMMENTS = YES;
				CLANG_WARN_EMPTY_BODY = YES;
				CLANG_WARN_ENUM_CONVERSION = YES;
				CLANG_WARN_INFINITE_RECURSION = YES;
				CLANG_WARN_INT_CONVERSION = YES;
				CLANG_WARN_NON_LITERAL_NULL_CONVERSION = YES;
				CLANG_WARN_OBJC_IMPLICIT_RETAIN_SELF = YES;
				CLANG_WARN_OBJC_LITERAL_CONVERSION = YES;
				CLANG_WARN_OBJC_ROOT_CLASS = YES_ERROR;
				CLANG_WARN_QUOTED_INCLUDE_IN_FRAMEWORK_HEADER = YES;
				CLANG_WARN_RANGE_LOOP_ANALYSIS = YES;
				CLANG_WARN_STRICT_PROTOTYPES = YES;
				CLANG_WARN_SUSPICIOUS_MOVE = YES;
				CLANG_WARN_UNGUARDED_AVAILABILITY = YES_AGGRESSIVE;
				CLANG_WARN_UNREACHABLE_CODE = YES;
				CLANG_WARN__DUPLICATE_METHOD_MATCH = YES;
				COPY_PHASE_STRIP = NO;
				DEBUG_INFORMATION_FORMAT = dwarf;
				ENABLE_STRICT_OBJC_MSGSEND = YES;
				ENABLE_TESTABILITY = YES;
				ENABLE_USER_SCRIPT_SANDBOXING = YES;
				GCC_C_LANGUAGE_STANDARD = gnu17;
				GCC_DYNAMIC_NO_PIC = NO;
				GCC_NO_COMMON_BLOCKS = YES;
				GCC_OPTIMIZATION_LEVEL = 0;
				GCC_PREPROCESSOR_DEFINITIONS = (
					"DEBUG=1",
					"$(inherited)",
				);
				GCC_WARN_64_TO_32_BIT_CONVERSION = YES;
				GCC_WARN_ABOUT_RETURN_TYPE = YES_ERROR;
				GCC_WARN_UNDECLARED_SELECTOR = YES;
				GCC_WARN_UNINITIALIZED_AUTOS = YES_AGGRESSIVE;
				GCC_WARN_UNUSED_FUNCTION = YES;
				GCC_WARN_UNUSED_VARIABLE = YES;
				LOCALIZATION_PREFERS_STRING_CATALOGS = YES;
				MACOSX_DEPLOYMENT_TARGET = 14.5;
				MTL_ENABLE_DEBUG_INFO = INCLUDE_SOURCE;
				MTL_FAST_MATH = YES;
				ONLY_ACTIVE_ARCH = YES;
				SDKROOT = macosx;
				SWIFT_ACTIVE_COMPILATION_CONDITIONS = "DEBUG $(inherited)";
				SWIFT_OPTIMIZATION_LEVEL = "-Onone";
			};
			name = Debug;
		};
		73FFDD052C70210C00244D57 /* Release */ = {
			isa = XCBuildConfiguration;
			buildSettings = {
				ALWAYS_SEARCH_USER_PATHS = NO;
				ASSETCATALOG_COMPILER_GENERATE_SWIFT_ASSET_SYMBOL_EXTENSIONS = YES;
				CLANG_ANALYZER_NONNULL = YES;
				CLANG_ANALYZER_NUMBER_OBJECT_CONVERSION = YES_AGGRESSIVE;
				CLANG_CXX_LANGUAGE_STANDARD = "gnu++20";
				CLANG_ENABLE_MODULES = YES;
				CLANG_ENABLE_OBJC_ARC = YES;
				CLANG_ENABLE_OBJC_WEAK = YES;
				CLANG_WARN_BLOCK_CAPTURE_AUTORELEASING = YES;
				CLANG_WARN_BOOL_CONVERSION = YES;
				CLANG_WARN_COMMA = YES;
				CLANG_WARN_CONSTANT_CONVERSION = YES;
				CLANG_WARN_DEPRECATED_OBJC_IMPLEMENTATIONS = YES;
				CLANG_WARN_DIRECT_OBJC_ISA_USAGE = YES_ERROR;
				CLANG_WARN_DOCUMENTATION_COMMENTS = YES;
				CLANG_WARN_EMPTY_BODY = YES;
				CLANG_WARN_ENUM_CONVERSION = YES;
				CLANG_WARN_INFINITE_RECURSION = YES;
				CLANG_WARN_INT_CONVERSION = YES;
				CLANG_WARN_NON_LITERAL_NULL_CONVERSION = YES;
				CLANG_WARN_OBJC_IMPLICIT_RETAIN_SELF = YES;
				CLANG_WARN_OBJC_LITERAL_CONVERSION = YES;
				CLANG_WARN_OBJC_ROOT_CLASS = YES_ERROR;
				CLANG_WARN_QUOTED_INCLUDE_IN_FRAMEWORK_HEADER = YES;
				CLANG_WARN_RANGE_LOOP_ANALYSIS = YES;
				CLANG_WARN_STRICT_PROTOTYPES = YES;
				CLANG_WARN_SUSPICIOUS_MOVE = YES;
				CLANG_WARN_UNGUARDED_AVAILABILITY = YES_AGGRESSIVE;
				CLANG_WARN_UNREACHABLE_CODE = YES;
				CLANG_WARN__DUPLICATE_METHOD_MATCH = YES;
				COPY_PHASE_STRIP = NO;
				DEBUG_INFORMATION_FORMAT = "dwarf-with-dsym";
				ENABLE_NS_ASSERTIONS = NO;
				ENABLE_STRICT_OBJC_MSGSEND = YES;
				ENABLE_USER_SCRIPT_SANDBOXING = YES;
				GCC_C_LANGUAGE_STANDARD = gnu17;
				GCC_NO_COMMON_BLOCKS = YES;
				GCC_WARN_64_TO_32_BIT_CONVERSION = YES;
				GCC_WARN_ABOUT_RETURN_TYPE = YES_ERROR;
				GCC_WARN_UNDECLARED_SELECTOR = YES;
				GCC_WARN_UNINITIALIZED_AUTOS = YES_AGGRESSIVE;
				GCC_WARN_UNUSED_FUNCTION = YES;
				GCC_WARN_UNUSED_VARIABLE = YES;
				LOCALIZATION_PREFERS_STRING_CATALOGS = YES;
				MACOSX_DEPLOYMENT_TARGET = 14.5;
				MTL_ENABLE_DEBUG_INFO = NO;
				MTL_FAST_MATH = YES;
				SDKROOT = macosx;
				SWIFT_COMPILATION_MODE = wholemodule;
			};
			name = Release;
		};
		73FFDD072C70210C00244D57 /* Debug */ = {
			isa = XCBuildConfiguration;
			buildSettings = {
				ASSETCATALOG_COMPILER_APPICON_NAME = AppIcon;
				ASSETCATALOG_COMPILER_GLOBAL_ACCENT_COLOR_NAME = AccentColor;
				ASSETCATALOG_COMPILER_INCLUDE_ALL_APPICON_ASSETS = YES;
				CODE_SIGN_ENTITLEMENTS = "Air Drop Assistant/Air_Drop_Assistant.entitlements";
				CODE_SIGN_IDENTITY = "Apple Development";
				"CODE_SIGN_IDENTITY[sdk=macosx*]" = "Apple Development";
				CODE_SIGN_STYLE = Automatic;
				COMBINE_HIDPI_IMAGES = YES;
				CURRENT_PROJECT_VERSION = 234;
				DEVELOPMENT_TEAM = 2WUMX954UB;
				ENABLE_HARDENED_RUNTIME = YES;
				GENERATE_INFOPLIST_FILE = YES;
				INFOPLIST_FILE = "Air-Drop-Assistant-Info.plist";
				INFOPLIST_KEY_CFBundleDisplayName = "Air Drop Assistant";
				INFOPLIST_KEY_LSApplicationCategoryType = "public.app-category.utilities";
				INFOPLIST_KEY_LSUIElement = YES;
				INFOPLIST_KEY_NSHumanReadableCopyright = "";
				INFOPLIST_KEY_NSMainStoryboardFile = Main;
				INFOPLIST_KEY_NSPrincipalClass = NSApplication;
				LD_RUNPATH_SEARCH_PATHS = (
					"$(inherited)",
					"@executable_path/../Frameworks",
				);
				MACOSX_DEPLOYMENT_TARGET = 13.0;
				MARKETING_VERSION = 1.5;
				PRODUCT_BUNDLE_IDENTIFIER = "com.ttinc.Air-Drop-Assistant";
				PRODUCT_NAME = "$(TARGET_NAME)";
				PROVISIONING_PROFILE_SPECIFIER = "";
				SWIFT_EMIT_LOC_STRINGS = YES;
				SWIFT_VERSION = 5.0;
			};
			name = Debug;
		};
		73FFDD082C70210C00244D57 /* Release */ = {
			isa = XCBuildConfiguration;
			buildSettings = {
				ASSETCATALOG_COMPILER_APPICON_NAME = AppIcon;
				ASSETCATALOG_COMPILER_GLOBAL_ACCENT_COLOR_NAME = AccentColor;
				ASSETCATALOG_COMPILER_INCLUDE_ALL_APPICON_ASSETS = YES;
				CODE_SIGN_ENTITLEMENTS = "Air Drop Assistant/Air_Drop_Assistant.entitlements";
				CODE_SIGN_IDENTITY = "Apple Development";
				"CODE_SIGN_IDENTITY[sdk=macosx*]" = "Apple Development";
				CODE_SIGN_STYLE = Automatic;
				COMBINE_HIDPI_IMAGES = YES;
				CURRENT_PROJECT_VERSION = 234;
				DEVELOPMENT_TEAM = 2WUMX954UB;
				ENABLE_HARDENED_RUNTIME = YES;
				GENERATE_INFOPLIST_FILE = YES;
				INFOPLIST_FILE = "Air-Drop-Assistant-Info.plist";
				INFOPLIST_KEY_CFBundleDisplayName = "Air Drop Assistant";
				INFOPLIST_KEY_LSApplicationCategoryType = "public.app-category.utilities";
				INFOPLIST_KEY_LSUIElement = YES;
				INFOPLIST_KEY_NSHumanReadableCopyright = "";
				INFOPLIST_KEY_NSMainStoryboardFile = Main;
				INFOPLIST_KEY_NSPrincipalClass = NSApplication;
				LD_RUNPATH_SEARCH_PATHS = (
					"$(inherited)",
					"@executable_path/../Frameworks",
				);
				MACOSX_DEPLOYMENT_TARGET = 13.0;
				MARKETING_VERSION = 1.5;
				PRODUCT_BUNDLE_IDENTIFIER = "com.ttinc.Air-Drop-Assistant";
				PRODUCT_NAME = "$(TARGET_NAME)";
				PROVISIONING_PROFILE_SPECIFIER = "";
				SWIFT_EMIT_LOC_STRINGS = YES;
				SWIFT_VERSION = 5.0;
			};
			name = Release;
		};
/* End XCBuildConfiguration section */

/* Begin XCConfigurationList section */
		73FFDCF22C70210B00244D57 /* Build configuration list for PBXProject "Air Drop Assistant" */ = {
			isa = XCConfigurationList;
			buildConfigurations = (
				73FFDD042C70210C00244D57 /* Debug */,
				73FFDD052C70210C00244D57 /* Release */,
			);
			defaultConfigurationIsVisible = 0;
			defaultConfigurationName = Release;
		};
		73FFDD062C70210C00244D57 /* Build configuration list for PBXNativeTarget "Air Drop Assistant" */ = {
			isa = XCConfigurationList;
			buildConfigurations = (
				73FFDD072C70210C00244D57 /* Debug */,
				73FFDD082C70210C00244D57 /* Release */,
			);
			defaultConfigurationIsVisible = 0;
			defaultConfigurationName = Release;
		};
/* End XCConfigurationList section */
	};
	rootObject = 73FFDCEF2C70210B00244D57 /* Project object */;
}
